// !$*UTF8*$!
{
	archiveVersion = 1;
	classes = {
	};
	objectVersion = 55;
	objects = {

/* Begin PBXBuildFile section */
		C0B6D600281F95A400BE2541 /* AppDelegate.swift in Sources */ = {isa = PBXBuildFile; fileRef = C0B6D5FF281F95A400BE2541 /* AppDelegate.swift */; };
		C0B6D602281F95A400BE2541 /* SceneDelegate.swift in Sources */ = {isa = PBXBuildFile; fileRef = C0B6D601281F95A400BE2541 /* SceneDelegate.swift */; };
		C0B6D604281F95A400BE2541 /* ViewController.swift in Sources */ = {isa = PBXBuildFile; fileRef = C0B6D603281F95A400BE2541 /* ViewController.swift */; };
		C0B6D607281F95A400BE2541 /* Main.storyboard in Resources */ = {isa = PBXBuildFile; fileRef = C0B6D605281F95A400BE2541 /* Main.storyboard */; };
		C0B6D609281F95A500BE2541 /* Assets.xcassets in Resources */ = {isa = PBXBuildFile; fileRef = C0B6D608281F95A500BE2541 /* Assets.xcassets */; };
		C0B6D60C281F95A500BE2541 /* LaunchScreen.storyboard in Resources */ = {isa = PBXBuildFile; fileRef = C0B6D60A281F95A500BE2541 /* LaunchScreen.storyboard */; };
		C0B6D617281F95A500BE2541 /* Bazel_iOS_WorkshopTests.swift in Sources */ = {isa = PBXBuildFile; fileRef = C0B6D616281F95A500BE2541 /* Bazel_iOS_WorkshopTests.swift */; };
		C0B6D621281F95A500BE2541 /* Bazel_iOS_WorkshopUITests.swift in Sources */ = {isa = PBXBuildFile; fileRef = C0B6D620281F95A500BE2541 /* Bazel_iOS_WorkshopUITests.swift */; };
		C0B6D623281F95A500BE2541 /* Bazel_iOS_WorkshopUITestsLaunchTests.swift in Sources */ = {isa = PBXBuildFile; fileRef = C0B6D622281F95A500BE2541 /* Bazel_iOS_WorkshopUITestsLaunchTests.swift */; };
		C0B6D6362831A90300BE2541 /* SharedLibrary.swift in Sources */ = {isa = PBXBuildFile; fileRef = C0B6D6352831A90300BE2541 /* SharedLibrary.swift */; };
		C0B6D69D2831AEB900BE2541 /* SharedFramework.framework in Frameworks */ = {isa = PBXBuildFile; fileRef = C0B6D6952831AEB900BE2541 /* SharedFramework.framework */; };
		C0B6D6A42831AEB900BE2541 /* SharedFrameworkTests.swift in Sources */ = {isa = PBXBuildFile; fileRef = C0B6D6A32831AEB900BE2541 /* SharedFrameworkTests.swift */; };
		C0B6D6A52831AEB900BE2541 /* SharedFramework.h in Headers */ = {isa = PBXBuildFile; fileRef = C0B6D6972831AEB900BE2541 /* SharedFramework.h */; settings = {ATTRIBUTES = (Public, ); }; };
		C0B6D6A82831AEB900BE2541 /* SharedFramework.framework in Frameworks */ = {isa = PBXBuildFile; fileRef = C0B6D6952831AEB900BE2541 /* SharedFramework.framework */; };
		C0B6D6A92831AEB900BE2541 /* SharedFramework.framework in Embed Frameworks */ = {isa = PBXBuildFile; fileRef = C0B6D6952831AEB900BE2541 /* SharedFramework.framework */; settings = {ATTRIBUTES = (CodeSignOnCopy, RemoveHeadersOnCopy, ); }; };
		C0B6D6B22831AED600BE2541 /* SharedFramework.swift in Sources */ = {isa = PBXBuildFile; fileRef = C0B6D6B12831AED600BE2541 /* SharedFramework.swift */; };
		C0B6D6B32831AEE400BE2541 /* LegacyClass.m in Sources */ = {isa = PBXBuildFile; fileRef = C0B6D63F2831AB5800BE2541 /* LegacyClass.m */; };
		C0B6D6B42831AEEA00BE2541 /* LegacyClass.h in Headers */ = {isa = PBXBuildFile; fileRef = C0B6D63E2831AB5800BE2541 /* LegacyClass.h */; settings = {ATTRIBUTES = (Public, ); }; };
		C0B6D6B92831BD3000BE2541 /* libSharedLibrary.a in Frameworks */ = {isa = PBXBuildFile; fileRef = C0B6D6332831A90300BE2541 /* libSharedLibrary.a */; };
/* End PBXBuildFile section */

/* Begin PBXContainerItemProxy section */
		C0B6D69E2831AEB900BE2541 /* PBXContainerItemProxy */ = {
			isa = PBXContainerItemProxy;
			containerPortal = C0B6D5F4281F95A400BE2541 /* Project object */;
			proxyType = 1;
			remoteGlobalIDString = C0B6D6942831AEB900BE2541;
			remoteInfo = SharedFramework;
		};
		C0B6D6A02831AEB900BE2541 /* PBXContainerItemProxy */ = {
			isa = PBXContainerItemProxy;
			containerPortal = C0B6D5F4281F95A400BE2541 /* Project object */;
			proxyType = 1;
			remoteGlobalIDString = C0B6D5FB281F95A400BE2541;
			remoteInfo = "Bazel-iOS-Workshop";
		};
		C0B6D6A62831AEB900BE2541 /* PBXContainerItemProxy */ = {
			isa = PBXContainerItemProxy;
			containerPortal = C0B6D5F4281F95A400BE2541 /* Project object */;
			proxyType = 1;
			remoteGlobalIDString = C0B6D6942831AEB900BE2541;
			remoteInfo = SharedFramework;
		};
		C0B6D6B52831B1D500BE2541 /* PBXContainerItemProxy */ = {
			isa = PBXContainerItemProxy;
			containerPortal = C0B6D5F4281F95A400BE2541 /* Project object */;
			proxyType = 1;
			remoteGlobalIDString = C0B6D5FB281F95A400BE2541;
			remoteInfo = "Bazel-iOS-Workshop";
		};
		C0B6D6B72831B1DD00BE2541 /* PBXContainerItemProxy */ = {
			isa = PBXContainerItemProxy;
			containerPortal = C0B6D5F4281F95A400BE2541 /* Project object */;
			proxyType = 1;
			remoteGlobalIDString = C0B6D5FB281F95A400BE2541;
			remoteInfo = "Bazel-iOS-Workshop";
		};
/* End PBXContainerItemProxy section */

/* Begin PBXCopyFilesBuildPhase section */
		C0B6D6312831A90300BE2541 /* CopyFiles */ = {
			isa = PBXCopyFilesBuildPhase;
			buildActionMask = 2147483647;
			dstPath = "include/$(PRODUCT_NAME)";
			dstSubfolderSpec = 16;
			files = (
			);
			runOnlyForDeploymentPostprocessing = 0;
		};
		C0B6D6AD2831AEB900BE2541 /* Embed Frameworks */ = {
			isa = PBXCopyFilesBuildPhase;
			buildActionMask = 2147483647;
			dstPath = "";
			dstSubfolderSpec = 10;
			files = (
				C0B6D6A92831AEB900BE2541 /* SharedFramework.framework in Embed Frameworks */,
			);
			name = "Embed Frameworks";
			runOnlyForDeploymentPostprocessing = 0;
		};
/* End PBXCopyFilesBuildPhase section */

/* Begin PBXFileReference section */
		C0B6D5FC281F95A400BE2541 /* Bazel-iOS-Workshop.app */ = {isa = PBXFileReference; explicitFileType = wrapper.application; includeInIndex = 0; path = "Bazel-iOS-Workshop.app"; sourceTree = BUILT_PRODUCTS_DIR; };
		C0B6D5FF281F95A400BE2541 /* AppDelegate.swift */ = {isa = PBXFileReference; lastKnownFileType = sourcecode.swift; path = AppDelegate.swift; sourceTree = "<group>"; };
		C0B6D601281F95A400BE2541 /* SceneDelegate.swift */ = {isa = PBXFileReference; lastKnownFileType = sourcecode.swift; path = SceneDelegate.swift; sourceTree = "<group>"; };
		C0B6D603281F95A400BE2541 /* ViewController.swift */ = {isa = PBXFileReference; lastKnownFileType = sourcecode.swift; path = ViewController.swift; sourceTree = "<group>"; };
		C0B6D606281F95A400BE2541 /* Base */ = {isa = PBXFileReference; lastKnownFileType = file.storyboard; name = Base; path = Base.lproj/Main.storyboard; sourceTree = "<group>"; };
		C0B6D608281F95A500BE2541 /* Assets.xcassets */ = {isa = PBXFileReference; lastKnownFileType = folder.assetcatalog; path = Assets.xcassets; sourceTree = "<group>"; };
		C0B6D60B281F95A500BE2541 /* Base */ = {isa = PBXFileReference; lastKnownFileType = file.storyboard; name = Base; path = Base.lproj/LaunchScreen.storyboard; sourceTree = "<group>"; };
		C0B6D60D281F95A500BE2541 /* Info.plist */ = {isa = PBXFileReference; lastKnownFileType = text.plist.xml; path = Info.plist; sourceTree = "<group>"; };
		C0B6D612281F95A500BE2541 /* Bazel-iOS-WorkshopTests.xctest */ = {isa = PBXFileReference; explicitFileType = wrapper.cfbundle; includeInIndex = 0; path = "Bazel-iOS-WorkshopTests.xctest"; sourceTree = BUILT_PRODUCTS_DIR; };
		C0B6D616281F95A500BE2541 /* Bazel_iOS_WorkshopTests.swift */ = {isa = PBXFileReference; lastKnownFileType = sourcecode.swift; path = Bazel_iOS_WorkshopTests.swift; sourceTree = "<group>"; };
		C0B6D61C281F95A500BE2541 /* Bazel-iOS-WorkshopUITests.xctest */ = {isa = PBXFileReference; explicitFileType = wrapper.cfbundle; includeInIndex = 0; path = "Bazel-iOS-WorkshopUITests.xctest"; sourceTree = BUILT_PRODUCTS_DIR; };
		C0B6D620281F95A500BE2541 /* Bazel_iOS_WorkshopUITests.swift */ = {isa = PBXFileReference; lastKnownFileType = sourcecode.swift; path = Bazel_iOS_WorkshopUITests.swift; sourceTree = "<group>"; };
		C0B6D622281F95A500BE2541 /* Bazel_iOS_WorkshopUITestsLaunchTests.swift */ = {isa = PBXFileReference; lastKnownFileType = sourcecode.swift; path = Bazel_iOS_WorkshopUITestsLaunchTests.swift; sourceTree = "<group>"; };
		C0B6D6332831A90300BE2541 /* libSharedLibrary.a */ = {isa = PBXFileReference; explicitFileType = archive.ar; includeInIndex = 0; path = libSharedLibrary.a; sourceTree = BUILT_PRODUCTS_DIR; };
		C0B6D6352831A90300BE2541 /* SharedLibrary.swift */ = {isa = PBXFileReference; lastKnownFileType = sourcecode.swift; path = SharedLibrary.swift; sourceTree = "<group>"; };
		C0B6D63E2831AB5800BE2541 /* LegacyClass.h */ = {isa = PBXFileReference; lastKnownFileType = sourcecode.c.h; path = LegacyClass.h; sourceTree = "<group>"; };
		C0B6D63F2831AB5800BE2541 /* LegacyClass.m */ = {isa = PBXFileReference; lastKnownFileType = sourcecode.c.objc; path = LegacyClass.m; sourceTree = "<group>"; };
		C0B6D6952831AEB900BE2541 /* SharedFramework.framework */ = {isa = PBXFileReference; explicitFileType = wrapper.framework; includeInIndex = 0; path = SharedFramework.framework; sourceTree = BUILT_PRODUCTS_DIR; };
		C0B6D6972831AEB900BE2541 /* SharedFramework.h */ = {isa = PBXFileReference; lastKnownFileType = sourcecode.c.h; path = SharedFramework.h; sourceTree = "<group>"; };
		C0B6D69C2831AEB900BE2541 /* SharedFrameworkTests.xctest */ = {isa = PBXFileReference; explicitFileType = wrapper.cfbundle; includeInIndex = 0; path = SharedFrameworkTests.xctest; sourceTree = BUILT_PRODUCTS_DIR; };
		C0B6D6A32831AEB900BE2541 /* SharedFrameworkTests.swift */ = {isa = PBXFileReference; lastKnownFileType = sourcecode.swift; path = SharedFrameworkTests.swift; sourceTree = "<group>"; };
		C0B6D6B12831AED600BE2541 /* SharedFramework.swift */ = {isa = PBXFileReference; lastKnownFileType = sourcecode.swift; path = SharedFramework.swift; sourceTree = "<group>"; };
/* End PBXFileReference section */

/* Begin PBXFrameworksBuildPhase section */
		C0B6D5F9281F95A400BE2541 /* Frameworks */ = {
			isa = PBXFrameworksBuildPhase;
			buildActionMask = 2147483647;
			files = (
				C0B6D6A82831AEB900BE2541 /* SharedFramework.framework in Frameworks */,
			);
			runOnlyForDeploymentPostprocessing = 0;
		};
		C0B6D60F281F95A500BE2541 /* Frameworks */ = {
			isa = PBXFrameworksBuildPhase;
			buildActionMask = 2147483647;
			files = (
				C0B6D6B92831BD3000BE2541 /* libSharedLibrary.a in Frameworks */,
			);
			runOnlyForDeploymentPostprocessing = 0;
		};
		C0B6D619281F95A500BE2541 /* Frameworks */ = {
			isa = PBXFrameworksBuildPhase;
			buildActionMask = 2147483647;
			files = (
			);
			runOnlyForDeploymentPostprocessing = 0;
		};
		C0B6D6302831A90300BE2541 /* Frameworks */ = {
			isa = PBXFrameworksBuildPhase;
			buildActionMask = 2147483647;
			files = (
			);
			runOnlyForDeploymentPostprocessing = 0;
		};
		C0B6D6922831AEB900BE2541 /* Frameworks */ = {
			isa = PBXFrameworksBuildPhase;
			buildActionMask = 2147483647;
			files = (
			);
			runOnlyForDeploymentPostprocessing = 0;
		};
		C0B6D6992831AEB900BE2541 /* Frameworks */ = {
			isa = PBXFrameworksBuildPhase;
			buildActionMask = 2147483647;
			files = (
				C0B6D69D2831AEB900BE2541 /* SharedFramework.framework in Frameworks */,
			);
			runOnlyForDeploymentPostprocessing = 0;
		};
/* End PBXFrameworksBuildPhase section */

/* Begin PBXGroup section */
		C0B6D5F3281F95A400BE2541 = {
			isa = PBXGroup;
			children = (
				C0B6D5FE281F95A400BE2541 /* Bazel-iOS-Workshop */,
				C0B6D615281F95A500BE2541 /* Bazel-iOS-WorkshopTests */,
				C0B6D61F281F95A500BE2541 /* Bazel-iOS-WorkshopUITests */,
				C0B6D6342831A90300BE2541 /* SharedLibrary */,
				C0B6D6962831AEB900BE2541 /* SharedFramework */,
				C0B6D6A22831AEB900BE2541 /* SharedFrameworkTests */,
				C0B6D5FD281F95A400BE2541 /* Products */,
				C0B6D63C2831AA4700BE2541 /* Frameworks */,
			);
			sourceTree = "<group>";
		};
		C0B6D5FD281F95A400BE2541 /* Products */ = {
			isa = PBXGroup;
			children = (
				C0B6D5FC281F95A400BE2541 /* Bazel-iOS-Workshop.app */,
				C0B6D612281F95A500BE2541 /* Bazel-iOS-WorkshopTests.xctest */,
				C0B6D61C281F95A500BE2541 /* Bazel-iOS-WorkshopUITests.xctest */,
				C0B6D6332831A90300BE2541 /* libSharedLibrary.a */,
				C0B6D6952831AEB900BE2541 /* SharedFramework.framework */,
				C0B6D69C2831AEB900BE2541 /* SharedFrameworkTests.xctest */,
			);
			name = Products;
			sourceTree = "<group>";
		};
		C0B6D5FE281F95A400BE2541 /* Bazel-iOS-Workshop */ = {
			isa = PBXGroup;
			children = (
				C0B6D5FF281F95A400BE2541 /* AppDelegate.swift */,
				C0B6D601281F95A400BE2541 /* SceneDelegate.swift */,
				C0B6D603281F95A400BE2541 /* ViewController.swift */,
				C0B6D605281F95A400BE2541 /* Main.storyboard */,
				C0B6D608281F95A500BE2541 /* Assets.xcassets */,
				C0B6D60A281F95A500BE2541 /* LaunchScreen.storyboard */,
				C0B6D60D281F95A500BE2541 /* Info.plist */,
			);
			path = "Bazel-iOS-Workshop";
			sourceTree = "<group>";
		};
		C0B6D615281F95A500BE2541 /* Bazel-iOS-WorkshopTests */ = {
			isa = PBXGroup;
			children = (
				C0B6D616281F95A500BE2541 /* Bazel_iOS_WorkshopTests.swift */,
			);
			path = "Bazel-iOS-WorkshopTests";
			sourceTree = "<group>";
		};
		C0B6D61F281F95A500BE2541 /* Bazel-iOS-WorkshopUITests */ = {
			isa = PBXGroup;
			children = (
				C0B6D620281F95A500BE2541 /* Bazel_iOS_WorkshopUITests.swift */,
				C0B6D622281F95A500BE2541 /* Bazel_iOS_WorkshopUITestsLaunchTests.swift */,
			);
			path = "Bazel-iOS-WorkshopUITests";
			sourceTree = "<group>";
		};
		C0B6D6342831A90300BE2541 /* SharedLibrary */ = {
			isa = PBXGroup;
			children = (
				C0B6D6352831A90300BE2541 /* SharedLibrary.swift */,
			);
			path = SharedLibrary;
			sourceTree = "<group>";
		};
		C0B6D63C2831AA4700BE2541 /* Frameworks */ = {
			isa = PBXGroup;
			children = (
			);
			name = Frameworks;
			sourceTree = "<group>";
		};
		C0B6D6962831AEB900BE2541 /* SharedFramework */ = {
			isa = PBXGroup;
			children = (
				C0B6D63E2831AB5800BE2541 /* LegacyClass.h */,
				C0B6D63F2831AB5800BE2541 /* LegacyClass.m */,
				C0B6D6972831AEB900BE2541 /* SharedFramework.h */,
				C0B6D6B12831AED600BE2541 /* SharedFramework.swift */,
			);
			path = SharedFramework;
			sourceTree = "<group>";
		};
		C0B6D6A22831AEB900BE2541 /* SharedFrameworkTests */ = {
			isa = PBXGroup;
			children = (
				C0B6D6A32831AEB900BE2541 /* SharedFrameworkTests.swift */,
			);
			path = SharedFrameworkTests;
			sourceTree = "<group>";
		};
/* End PBXGroup section */

/* Begin PBXHeadersBuildPhase section */
		C0B6D6902831AEB900BE2541 /* Headers */ = {
			isa = PBXHeadersBuildPhase;
			buildActionMask = 2147483647;
			files = (
				C0B6D6B42831AEEA00BE2541 /* LegacyClass.h in Headers */,
				C0B6D6A52831AEB900BE2541 /* SharedFramework.h in Headers */,
			);
			runOnlyForDeploymentPostprocessing = 0;
		};
/* End PBXHeadersBuildPhase section */

/* Begin PBXNativeTarget section */
		C0B6D5FB281F95A400BE2541 /* Bazel-iOS-Workshop */ = {
			isa = PBXNativeTarget;
			buildConfigurationList = C0B6D626281F95A500BE2541 /* Build configuration list for PBXNativeTarget "Bazel-iOS-Workshop" */;
			buildPhases = (
				C0B6D5F8281F95A400BE2541 /* Sources */,
				C0B6D5F9281F95A400BE2541 /* Frameworks */,
				C0B6D5FA281F95A400BE2541 /* Resources */,
				C0B6D6AD2831AEB900BE2541 /* Embed Frameworks */,
			);
			buildRules = (
			);
			dependencies = (
				C0B6D6A72831AEB900BE2541 /* PBXTargetDependency */,
			);
			name = "Bazel-iOS-Workshop";
			productName = "Bazel-iOS-Workshop";
			productReference = C0B6D5FC281F95A400BE2541 /* Bazel-iOS-Workshop.app */;
			productType = "com.apple.product-type.application";
		};
		C0B6D611281F95A500BE2541 /* Bazel-iOS-WorkshopTests */ = {
			isa = PBXNativeTarget;
			buildConfigurationList = C0B6D629281F95A500BE2541 /* Build configuration list for PBXNativeTarget "Bazel-iOS-WorkshopTests" */;
			buildPhases = (
				C0B6D60E281F95A500BE2541 /* Sources */,
				C0B6D60F281F95A500BE2541 /* Frameworks */,
				C0B6D610281F95A500BE2541 /* Resources */,
			);
			buildRules = (
			);
			dependencies = (
				C0B6D6B62831B1D500BE2541 /* PBXTargetDependency */,
			);
			name = "Bazel-iOS-WorkshopTests";
			productName = "Bazel-iOS-WorkshopTests";
			productReference = C0B6D612281F95A500BE2541 /* Bazel-iOS-WorkshopTests.xctest */;
			productType = "com.apple.product-type.bundle.unit-test";
		};
		C0B6D61B281F95A500BE2541 /* Bazel-iOS-WorkshopUITests */ = {
			isa = PBXNativeTarget;
			buildConfigurationList = C0B6D62C281F95A500BE2541 /* Build configuration list for PBXNativeTarget "Bazel-iOS-WorkshopUITests" */;
			buildPhases = (
				C0B6D618281F95A500BE2541 /* Sources */,
				C0B6D619281F95A500BE2541 /* Frameworks */,
				C0B6D61A281F95A500BE2541 /* Resources */,
			);
			buildRules = (
			);
			dependencies = (
				C0B6D6B82831B1DD00BE2541 /* PBXTargetDependency */,
			);
			name = "Bazel-iOS-WorkshopUITests";
			productName = "Bazel-iOS-WorkshopUITests";
			productReference = C0B6D61C281F95A500BE2541 /* Bazel-iOS-WorkshopUITests.xctest */;
			productType = "com.apple.product-type.bundle.ui-testing";
		};
		C0B6D6322831A90300BE2541 /* SharedLibrary */ = {
			isa = PBXNativeTarget;
			buildConfigurationList = C0B6D6392831A90300BE2541 /* Build configuration list for PBXNativeTarget "SharedLibrary" */;
			buildPhases = (
				C0B6D62F2831A90300BE2541 /* Sources */,
				C0B6D6302831A90300BE2541 /* Frameworks */,
				C0B6D6312831A90300BE2541 /* CopyFiles */,
			);
			buildRules = (
			);
			dependencies = (
			);
			name = SharedLibrary;
			productName = SharedLibrary;
			productReference = C0B6D6332831A90300BE2541 /* libSharedLibrary.a */;
			productType = "com.apple.product-type.library.static";
		};
		C0B6D6942831AEB900BE2541 /* SharedFramework */ = {
			isa = PBXNativeTarget;
			buildConfigurationList = C0B6D6AA2831AEB900BE2541 /* Build configuration list for PBXNativeTarget "SharedFramework" */;
			buildPhases = (
				C0B6D6902831AEB900BE2541 /* Headers */,
				C0B6D6912831AEB900BE2541 /* Sources */,
				C0B6D6922831AEB900BE2541 /* Frameworks */,
				C0B6D6932831AEB900BE2541 /* Resources */,
			);
			buildRules = (
			);
			dependencies = (
			);
			name = SharedFramework;
			productName = SharedFramework;
			productReference = C0B6D6952831AEB900BE2541 /* SharedFramework.framework */;
			productType = "com.apple.product-type.framework";
		};
		C0B6D69B2831AEB900BE2541 /* SharedFrameworkTests */ = {
			isa = PBXNativeTarget;
			buildConfigurationList = C0B6D6AE2831AEB900BE2541 /* Build configuration list for PBXNativeTarget "SharedFrameworkTests" */;
			buildPhases = (
				C0B6D6982831AEB900BE2541 /* Sources */,
				C0B6D6992831AEB900BE2541 /* Frameworks */,
				C0B6D69A2831AEB900BE2541 /* Resources */,
			);
			buildRules = (
			);
			dependencies = (
				C0B6D69F2831AEB900BE2541 /* PBXTargetDependency */,
				C0B6D6A12831AEB900BE2541 /* PBXTargetDependency */,
			);
			name = SharedFrameworkTests;
			productName = SharedFrameworkTests;
			productReference = C0B6D69C2831AEB900BE2541 /* SharedFrameworkTests.xctest */;
			productType = "com.apple.product-type.bundle.unit-test";
		};
/* End PBXNativeTarget section */

/* Begin PBXProject section */
		C0B6D5F4281F95A400BE2541 /* Project object */ = {
			isa = PBXProject;
			attributes = {
				BuildIndependentTargetsInParallel = 1;
				LastSwiftUpdateCheck = 1330;
				LastUpgradeCheck = 1330;
				TargetAttributes = {
					C0B6D5FB281F95A400BE2541 = {
						CreatedOnToolsVersion = 13.3.1;
					};
					C0B6D611281F95A500BE2541 = {
						CreatedOnToolsVersion = 13.3.1;
						TestTargetID = C0B6D5FB281F95A400BE2541;
					};
					C0B6D61B281F95A500BE2541 = {
						CreatedOnToolsVersion = 13.3.1;
						TestTargetID = C0B6D5FB281F95A400BE2541;
					};
					C0B6D6322831A90300BE2541 = {
						CreatedOnToolsVersion = 13.3.1;
						LastSwiftMigration = 1330;
					};
					C0B6D6942831AEB900BE2541 = {
						CreatedOnToolsVersion = 13.3.1;
						LastSwiftMigration = 1330;
					};
					C0B6D69B2831AEB900BE2541 = {
						CreatedOnToolsVersion = 13.3.1;
						TestTargetID = C0B6D5FB281F95A400BE2541;
					};
				};
			};
			buildConfigurationList = C0B6D5F7281F95A400BE2541 /* Build configuration list for PBXProject "Bazel-iOS-Workshop" */;
			compatibilityVersion = "Xcode 13.0";
			developmentRegion = en;
			hasScannedForEncodings = 0;
			knownRegions = (
				en,
				Base,
			);
			mainGroup = C0B6D5F3281F95A400BE2541;
			productRefGroup = C0B6D5FD281F95A400BE2541 /* Products */;
			projectDirPath = "";
			projectRoot = "";
			targets = (
				C0B6D5FB281F95A400BE2541 /* Bazel-iOS-Workshop */,
				C0B6D611281F95A500BE2541 /* Bazel-iOS-WorkshopTests */,
				C0B6D61B281F95A500BE2541 /* Bazel-iOS-WorkshopUITests */,
				C0B6D6322831A90300BE2541 /* SharedLibrary */,
				C0B6D6942831AEB900BE2541 /* SharedFramework */,
				C0B6D69B2831AEB900BE2541 /* SharedFrameworkTests */,
			);
		};
/* End PBXProject section */

/* Begin PBXResourcesBuildPhase section */
		C0B6D5FA281F95A400BE2541 /* Resources */ = {
			isa = PBXResourcesBuildPhase;
			buildActionMask = 2147483647;
			files = (
				C0B6D60C281F95A500BE2541 /* LaunchScreen.storyboard in Resources */,
				C0B6D609281F95A500BE2541 /* Assets.xcassets in Resources */,
				C0B6D607281F95A400BE2541 /* Main.storyboard in Resources */,
			);
			runOnlyForDeploymentPostprocessing = 0;
		};
		C0B6D610281F95A500BE2541 /* Resources */ = {
			isa = PBXResourcesBuildPhase;
			buildActionMask = 2147483647;
			files = (
			);
			runOnlyForDeploymentPostprocessing = 0;
		};
		C0B6D61A281F95A500BE2541 /* Resources */ = {
			isa = PBXResourcesBuildPhase;
			buildActionMask = 2147483647;
			files = (
			);
			runOnlyForDeploymentPostprocessing = 0;
		};
		C0B6D6932831AEB900BE2541 /* Resources */ = {
			isa = PBXResourcesBuildPhase;
			buildActionMask = 2147483647;
			files = (
			);
			runOnlyForDeploymentPostprocessing = 0;
		};
		C0B6D69A2831AEB900BE2541 /* Resources */ = {
			isa = PBXResourcesBuildPhase;
			buildActionMask = 2147483647;
			files = (
			);
			runOnlyForDeploymentPostprocessing = 0;
		};
/* End PBXResourcesBuildPhase section */

/* Begin PBXSourcesBuildPhase section */
		C0B6D5F8281F95A400BE2541 /* Sources */ = {
			isa = PBXSourcesBuildPhase;
			buildActionMask = 2147483647;
			files = (
				C0B6D604281F95A400BE2541 /* ViewController.swift in Sources */,
				C0B6D600281F95A400BE2541 /* AppDelegate.swift in Sources */,
				C0B6D602281F95A400BE2541 /* SceneDelegate.swift in Sources */,
			);
			runOnlyForDeploymentPostprocessing = 0;
		};
		C0B6D60E281F95A500BE2541 /* Sources */ = {
			isa = PBXSourcesBuildPhase;
			buildActionMask = 2147483647;
			files = (
				C0B6D617281F95A500BE2541 /* Bazel_iOS_WorkshopTests.swift in Sources */,
			);
			runOnlyForDeploymentPostprocessing = 0;
		};
		C0B6D618281F95A500BE2541 /* Sources */ = {
			isa = PBXSourcesBuildPhase;
			buildActionMask = 2147483647;
			files = (
				C0B6D623281F95A500BE2541 /* Bazel_iOS_WorkshopUITestsLaunchTests.swift in Sources */,
				C0B6D621281F95A500BE2541 /* Bazel_iOS_WorkshopUITests.swift in Sources */,
			);
			runOnlyForDeploymentPostprocessing = 0;
		};
		C0B6D62F2831A90300BE2541 /* Sources */ = {
			isa = PBXSourcesBuildPhase;
			buildActionMask = 2147483647;
			files = (
				C0B6D6362831A90300BE2541 /* SharedLibrary.swift in Sources */,
			);
			runOnlyForDeploymentPostprocessing = 0;
		};
		C0B6D6912831AEB900BE2541 /* Sources */ = {
			isa = PBXSourcesBuildPhase;
			buildActionMask = 2147483647;
			files = (
				C0B6D6B22831AED600BE2541 /* SharedFramework.swift in Sources */,
				C0B6D6B32831AEE400BE2541 /* LegacyClass.m in Sources */,
			);
			runOnlyForDeploymentPostprocessing = 0;
		};
		C0B6D6982831AEB900BE2541 /* Sources */ = {
			isa = PBXSourcesBuildPhase;
			buildActionMask = 2147483647;
			files = (
				C0B6D6A42831AEB900BE2541 /* SharedFrameworkTests.swift in Sources */,
			);
			runOnlyForDeploymentPostprocessing = 0;
		};
/* End PBXSourcesBuildPhase section */

/* Begin PBXTargetDependency section */
		C0B6D69F2831AEB900BE2541 /* PBXTargetDependency */ = {
			isa = PBXTargetDependency;
			target = C0B6D6942831AEB900BE2541 /* SharedFramework */;
			targetProxy = C0B6D69E2831AEB900BE2541 /* PBXContainerItemProxy */;
		};
		C0B6D6A12831AEB900BE2541 /* PBXTargetDependency */ = {
			isa = PBXTargetDependency;
			target = C0B6D5FB281F95A400BE2541 /* Bazel-iOS-Workshop */;
			targetProxy = C0B6D6A02831AEB900BE2541 /* PBXContainerItemProxy */;
		};
		C0B6D6A72831AEB900BE2541 /* PBXTargetDependency */ = {
			isa = PBXTargetDependency;
			target = C0B6D6942831AEB900BE2541 /* SharedFramework */;
			targetProxy = C0B6D6A62831AEB900BE2541 /* PBXContainerItemProxy */;
		};
		C0B6D6B62831B1D500BE2541 /* PBXTargetDependency */ = {
			isa = PBXTargetDependency;
			target = C0B6D5FB281F95A400BE2541 /* Bazel-iOS-Workshop */;
			targetProxy = C0B6D6B52831B1D500BE2541 /* PBXContainerItemProxy */;
		};
		C0B6D6B82831B1DD00BE2541 /* PBXTargetDependency */ = {
			isa = PBXTargetDependency;
			target = C0B6D5FB281F95A400BE2541 /* Bazel-iOS-Workshop */;
			targetProxy = C0B6D6B72831B1DD00BE2541 /* PBXContainerItemProxy */;
		};
/* End PBXTargetDependency section */

/* Begin PBXVariantGroup section */
		C0B6D605281F95A400BE2541 /* Main.storyboard */ = {
			isa = PBXVariantGroup;
			children = (
				C0B6D606281F95A400BE2541 /* Base */,
			);
			name = Main.storyboard;
			sourceTree = "<group>";
		};
		C0B6D60A281F95A500BE2541 /* LaunchScreen.storyboard */ = {
			isa = PBXVariantGroup;
			children = (
				C0B6D60B281F95A500BE2541 /* Base */,
			);
			name = LaunchScreen.storyboard;
			sourceTree = "<group>";
		};
/* End PBXVariantGroup section */

/* Begin XCBuildConfiguration section */
		C0B6D624281F95A500BE2541 /* Debug */ = {
			isa = XCBuildConfiguration;
			buildSettings = {
				ALWAYS_SEARCH_USER_PATHS = NO;
				CLANG_ANALYZER_NONNULL = YES;
				CLANG_ANALYZER_NUMBER_OBJECT_CONVERSION = YES_AGGRESSIVE;
				CLANG_CXX_LANGUAGE_STANDARD = "gnu++17";
				CLANG_ENABLE_MODULES = YES;
				CLANG_ENABLE_OBJC_ARC = YES;
				CLANG_ENABLE_OBJC_WEAK = YES;
				CLANG_WARN_BLOCK_CAPTURE_AUTORELEASING = YES;
				CLANG_WARN_BOOL_CONVERSION = YES;
				CLANG_WARN_COMMA = YES;
				CLANG_WARN_CONSTANT_CONVERSION = YES;
				CLANG_WARN_DEPRECATED_OBJC_IMPLEMENTATIONS = YES;
				CLANG_WARN_DIRECT_OBJC_ISA_USAGE = YES_ERROR;
				CLANG_WARN_DOCUMENTATION_COMMENTS = YES;
				CLANG_WARN_EMPTY_BODY = YES;
				CLANG_WARN_ENUM_CONVERSION = YES;
				CLANG_WARN_INFINITE_RECURSION = YES;
				CLANG_WARN_INT_CONVERSION = YES;
				CLANG_WARN_NON_LITERAL_NULL_CONVERSION = YES;
				CLANG_WARN_OBJC_IMPLICIT_RETAIN_SELF = YES;
				CLANG_WARN_OBJC_LITERAL_CONVERSION = YES;
				CLANG_WARN_OBJC_ROOT_CLASS = YES_ERROR;
				CLANG_WARN_QUOTED_INCLUDE_IN_FRAMEWORK_HEADER = YES;
				CLANG_WARN_RANGE_LOOP_ANALYSIS = YES;
				CLANG_WARN_STRICT_PROTOTYPES = YES;
				CLANG_WARN_SUSPICIOUS_MOVE = YES;
				CLANG_WARN_UNGUARDED_AVAILABILITY = YES_AGGRESSIVE;
				CLANG_WARN_UNREACHABLE_CODE = YES;
				CLANG_WARN__DUPLICATE_METHOD_MATCH = YES;
				COPY_PHASE_STRIP = NO;
				DEBUG_INFORMATION_FORMAT = dwarf;
				ENABLE_STRICT_OBJC_MSGSEND = YES;
				ENABLE_TESTABILITY = YES;
				GCC_C_LANGUAGE_STANDARD = gnu11;
				GCC_DYNAMIC_NO_PIC = NO;
				GCC_NO_COMMON_BLOCKS = YES;
				GCC_OPTIMIZATION_LEVEL = 0;
				GCC_PREPROCESSOR_DEFINITIONS = (
					"DEBUG=1",
					"$(inherited)",
				);
				GCC_WARN_64_TO_32_BIT_CONVERSION = YES;
				GCC_WARN_ABOUT_RETURN_TYPE = YES_ERROR;
				GCC_WARN_UNDECLARED_SELECTOR = YES;
				GCC_WARN_UNINITIALIZED_AUTOS = YES_AGGRESSIVE;
				GCC_WARN_UNUSED_FUNCTION = YES;
				GCC_WARN_UNUSED_VARIABLE = YES;
				IPHONEOS_DEPLOYMENT_TARGET = 15.4;
				MTL_ENABLE_DEBUG_INFO = INCLUDE_SOURCE;
				MTL_FAST_MATH = YES;
				ONLY_ACTIVE_ARCH = YES;
				SDKROOT = iphoneos;
				SWIFT_ACTIVE_COMPILATION_CONDITIONS = DEBUG;
				SWIFT_OPTIMIZATION_LEVEL = "-Onone";
			};
			name = Debug;
		};
		C0B6D625281F95A500BE2541 /* Release */ = {
			isa = XCBuildConfiguration;
			buildSettings = {
				ALWAYS_SEARCH_USER_PATHS = NO;
				CLANG_ANALYZER_NONNULL = YES;
				CLANG_ANALYZER_NUMBER_OBJECT_CONVERSION = YES_AGGRESSIVE;
				CLANG_CXX_LANGUAGE_STANDARD = "gnu++17";
				CLANG_ENABLE_MODULES = YES;
				CLANG_ENABLE_OBJC_ARC = YES;
				CLANG_ENABLE_OBJC_WEAK = YES;
				CLANG_WARN_BLOCK_CAPTURE_AUTORELEASING = YES;
				CLANG_WARN_BOOL_CONVERSION = YES;
				CLANG_WARN_COMMA = YES;
				CLANG_WARN_CONSTANT_CONVERSION = YES;
				CLANG_WARN_DEPRECATED_OBJC_IMPLEMENTATIONS = YES;
				CLANG_WARN_DIRECT_OBJC_ISA_USAGE = YES_ERROR;
				CLANG_WARN_DOCUMENTATION_COMMENTS = YES;
				CLANG_WARN_EMPTY_BODY = YES;
				CLANG_WARN_ENUM_CONVERSION = YES;
				CLANG_WARN_INFINITE_RECURSION = YES;
				CLANG_WARN_INT_CONVERSION = YES;
				CLANG_WARN_NON_LITERAL_NULL_CONVERSION = YES;
				CLANG_WARN_OBJC_IMPLICIT_RETAIN_SELF = YES;
				CLANG_WARN_OBJC_LITERAL_CONVERSION = YES;
				CLANG_WARN_OBJC_ROOT_CLASS = YES_ERROR;
				CLANG_WARN_QUOTED_INCLUDE_IN_FRAMEWORK_HEADER = YES;
				CLANG_WARN_RANGE_LOOP_ANALYSIS = YES;
				CLANG_WARN_STRICT_PROTOTYPES = YES;
				CLANG_WARN_SUSPICIOUS_MOVE = YES;
				CLANG_WARN_UNGUARDED_AVAILABILITY = YES_AGGRESSIVE;
				CLANG_WARN_UNREACHABLE_CODE = YES;
				CLANG_WARN__DUPLICATE_METHOD_MATCH = YES;
				COPY_PHASE_STRIP = NO;
				DEBUG_INFORMATION_FORMAT = "dwarf-with-dsym";
				ENABLE_NS_ASSERTIONS = NO;
				ENABLE_STRICT_OBJC_MSGSEND = YES;
				GCC_C_LANGUAGE_STANDARD = gnu11;
				GCC_NO_COMMON_BLOCKS = YES;
				GCC_WARN_64_TO_32_BIT_CONVERSION = YES;
				GCC_WARN_ABOUT_RETURN_TYPE = YES_ERROR;
				GCC_WARN_UNDECLARED_SELECTOR = YES;
				GCC_WARN_UNINITIALIZED_AUTOS = YES_AGGRESSIVE;
				GCC_WARN_UNUSED_FUNCTION = YES;
				GCC_WARN_UNUSED_VARIABLE = YES;
				IPHONEOS_DEPLOYMENT_TARGET = 15.4;
				MTL_ENABLE_DEBUG_INFO = NO;
				MTL_FAST_MATH = YES;
				SDKROOT = iphoneos;
				SWIFT_COMPILATION_MODE = wholemodule;
				SWIFT_OPTIMIZATION_LEVEL = "-O";
				VALIDATE_PRODUCT = YES;
			};
			name = Release;
		};
		C0B6D627281F95A500BE2541 /* Debug */ = {
			isa = XCBuildConfiguration;
			buildSettings = {
				ALWAYS_EMBED_SWIFT_STANDARD_LIBRARIES = YES;
				ASSETCATALOG_COMPILER_APPICON_NAME = AppIcon;
				ASSETCATALOG_COMPILER_GLOBAL_ACCENT_COLOR_NAME = AccentColor;
				CODE_SIGN_STYLE = Automatic;
				CURRENT_PROJECT_VERSION = 1;
				DEVELOPMENT_TEAM = FDGCLGAUQG;
				GENERATE_INFOPLIST_FILE = YES;
				INFOPLIST_FILE = "Bazel-iOS-Workshop/Info.plist";
				INFOPLIST_KEY_UIApplicationSupportsIndirectInputEvents = YES;
				INFOPLIST_KEY_UILaunchStoryboardName = LaunchScreen;
				INFOPLIST_KEY_UIMainStoryboardFile = Main;
				INFOPLIST_KEY_UISupportedInterfaceOrientations_iPad = "UIInterfaceOrientationPortrait UIInterfaceOrientationPortraitUpsideDown UIInterfaceOrientationLandscapeLeft UIInterfaceOrientationLandscapeRight";
				INFOPLIST_KEY_UISupportedInterfaceOrientations_iPhone = "UIInterfaceOrientationPortrait UIInterfaceOrientationLandscapeLeft UIInterfaceOrientationLandscapeRight";
				LD_RUNPATH_SEARCH_PATHS = (
					"$(inherited)",
					"@executable_path/Frameworks",
				);
				MARKETING_VERSION = 1.0;
				PRODUCT_BUNDLE_IDENTIFIER = "me.segiddins.Bazel-iOS-Workshop";
				PRODUCT_NAME = "$(TARGET_NAME)";
				SWIFT_EMIT_LOC_STRINGS = YES;
				SWIFT_VERSION = 5.0;
				TARGETED_DEVICE_FAMILY = "1,2";
			};
			name = Debug;
		};
		C0B6D628281F95A500BE2541 /* Release */ = {
			isa = XCBuildConfiguration;
			buildSettings = {
				ALWAYS_EMBED_SWIFT_STANDARD_LIBRARIES = YES;
				ASSETCATALOG_COMPILER_APPICON_NAME = AppIcon;
				ASSETCATALOG_COMPILER_GLOBAL_ACCENT_COLOR_NAME = AccentColor;
				CODE_SIGN_STYLE = Automatic;
				CURRENT_PROJECT_VERSION = 1;
				DEVELOPMENT_TEAM = FDGCLGAUQG;
				GENERATE_INFOPLIST_FILE = YES;
				INFOPLIST_FILE = "Bazel-iOS-Workshop/Info.plist";
				INFOPLIST_KEY_UIApplicationSupportsIndirectInputEvents = YES;
				INFOPLIST_KEY_UILaunchStoryboardName = LaunchScreen;
				INFOPLIST_KEY_UIMainStoryboardFile = Main;
				INFOPLIST_KEY_UISupportedInterfaceOrientations_iPad = "UIInterfaceOrientationPortrait UIInterfaceOrientationPortraitUpsideDown UIInterfaceOrientationLandscapeLeft UIInterfaceOrientationLandscapeRight";
				INFOPLIST_KEY_UISupportedInterfaceOrientations_iPhone = "UIInterfaceOrientationPortrait UIInterfaceOrientationLandscapeLeft UIInterfaceOrientationLandscapeRight";
				LD_RUNPATH_SEARCH_PATHS = (
					"$(inherited)",
					"@executable_path/Frameworks",
				);
				MARKETING_VERSION = 1.0;
				PRODUCT_BUNDLE_IDENTIFIER = "me.segiddins.Bazel-iOS-Workshop";
				PRODUCT_NAME = "$(TARGET_NAME)";
				SWIFT_EMIT_LOC_STRINGS = YES;
				SWIFT_VERSION = 5.0;
				TARGETED_DEVICE_FAMILY = "1,2";
			};
			name = Release;
		};
		C0B6D62A281F95A500BE2541 /* Debug */ = {
			isa = XCBuildConfiguration;
			buildSettings = {
				ALWAYS_EMBED_SWIFT_STANDARD_LIBRARIES = YES;
				BUNDLE_LOADER = "$(TEST_HOST)";
				CODE_SIGN_STYLE = Automatic;
				CURRENT_PROJECT_VERSION = 1;
				GENERATE_INFOPLIST_FILE = YES;
				IPHONEOS_DEPLOYMENT_TARGET = 15.4;
				MARKETING_VERSION = 1.0;
				PRODUCT_BUNDLE_IDENTIFIER = "me.segiddins.Bazel-iOS-WorkshopTests";
				PRODUCT_NAME = "$(TARGET_NAME)";
				SWIFT_EMIT_LOC_STRINGS = NO;
				SWIFT_VERSION = 5.0;
				TARGETED_DEVICE_FAMILY = "1,2";
				TEST_HOST = "$(BUILT_PRODUCTS_DIR)/Bazel-iOS-Workshop.app/Bazel-iOS-Workshop";
			};
			name = Debug;
		};
		C0B6D62B281F95A500BE2541 /* Release */ = {
			isa = XCBuildConfiguration;
			buildSettings = {
				ALWAYS_EMBED_SWIFT_STANDARD_LIBRARIES = YES;
				BUNDLE_LOADER = "$(TEST_HOST)";
				CODE_SIGN_STYLE = Automatic;
				CURRENT_PROJECT_VERSION = 1;
				GENERATE_INFOPLIST_FILE = YES;
				IPHONEOS_DEPLOYMENT_TARGET = 15.4;
				MARKETING_VERSION = 1.0;
				PRODUCT_BUNDLE_IDENTIFIER = "me.segiddins.Bazel-iOS-WorkshopTests";
				PRODUCT_NAME = "$(TARGET_NAME)";
				SWIFT_EMIT_LOC_STRINGS = NO;
				SWIFT_VERSION = 5.0;
				TARGETED_DEVICE_FAMILY = "1,2";
				TEST_HOST = "$(BUILT_PRODUCTS_DIR)/Bazel-iOS-Workshop.app/Bazel-iOS-Workshop";
			};
			name = Release;
		};
		C0B6D62D281F95A500BE2541 /* Debug */ = {
			isa = XCBuildConfiguration;
			buildSettings = {
				ALWAYS_EMBED_SWIFT_STANDARD_LIBRARIES = YES;
				CODE_SIGN_STYLE = Automatic;
				CURRENT_PROJECT_VERSION = 1;
				GENERATE_INFOPLIST_FILE = YES;
				MARKETING_VERSION = 1.0;
				PRODUCT_BUNDLE_IDENTIFIER = "me.segiddins.Bazel-iOS-WorkshopUITests";
				PRODUCT_NAME = "$(TARGET_NAME)";
				SWIFT_EMIT_LOC_STRINGS = NO;
				SWIFT_VERSION = 5.0;
				TARGETED_DEVICE_FAMILY = "1,2";
				TEST_TARGET_NAME = "Bazel-iOS-Workshop";
			};
			name = Debug;
		};
		C0B6D62E281F95A500BE2541 /* Release */ = {
			isa = XCBuildConfiguration;
			buildSettings = {
				ALWAYS_EMBED_SWIFT_STANDARD_LIBRARIES = YES;
				CODE_SIGN_STYLE = Automatic;
				CURRENT_PROJECT_VERSION = 1;
				GENERATE_INFOPLIST_FILE = YES;
				MARKETING_VERSION = 1.0;
				PRODUCT_BUNDLE_IDENTIFIER = "me.segiddins.Bazel-iOS-WorkshopUITests";
				PRODUCT_NAME = "$(TARGET_NAME)";
				SWIFT_EMIT_LOC_STRINGS = NO;
				SWIFT_VERSION = 5.0;
				TARGETED_DEVICE_FAMILY = "1,2";
				TEST_TARGET_NAME = "Bazel-iOS-Workshop";
			};
			name = Release;
		};
		C0B6D6372831A90300BE2541 /* Debug */ = {
			isa = XCBuildConfiguration;
			buildSettings = {
				CLANG_ENABLE_MODULES = YES;
				CODE_SIGN_STYLE = Automatic;
				LD_RUNPATH_SEARCH_PATHS = (
					"$(inherited)",
					"@executable_path/Frameworks",
					"@loader_path/Frameworks",
				);
				OTHER_LDFLAGS = "-ObjC";
				PRODUCT_NAME = "$(TARGET_NAME)";
				SKIP_INSTALL = YES;
				SWIFT_OPTIMIZATION_LEVEL = "-Onone";
				SWIFT_VERSION = 5.0;
				TARGETED_DEVICE_FAMILY = "1,2";
			};
			name = Debug;
		};
		C0B6D6382831A90300BE2541 /* Release */ = {
			isa = XCBuildConfiguration;
			buildSettings = {
				CLANG_ENABLE_MODULES = YES;
				CODE_SIGN_STYLE = Automatic;
				LD_RUNPATH_SEARCH_PATHS = (
					"$(inherited)",
					"@executable_path/Frameworks",
					"@loader_path/Frameworks",
				);
				OTHER_LDFLAGS = "-ObjC";
				PRODUCT_NAME = "$(TARGET_NAME)";
				SKIP_INSTALL = YES;
				SWIFT_VERSION = 5.0;
				TARGETED_DEVICE_FAMILY = "1,2";
			};
			name = Release;
		};
		C0B6D6AB2831AEB900BE2541 /* Debug */ = {
			isa = XCBuildConfiguration;
			buildSettings = {
				CLANG_ENABLE_MODULES = YES;
				CODE_SIGN_STYLE = Automatic;
				CURRENT_PROJECT_VERSION = 1;
				DEFINES_MODULE = YES;
				DEVELOPMENT_TEAM = FDGCLGAUQG;
				DYLIB_COMPATIBILITY_VERSION = 1;
				DYLIB_CURRENT_VERSION = 1;
				DYLIB_INSTALL_NAME_BASE = "@rpath";
				GENERATE_INFOPLIST_FILE = YES;
				INFOPLIST_KEY_NSHumanReadableCopyright = "";
				INSTALL_PATH = "$(LOCAL_LIBRARY_DIR)/Frameworks";
				LD_RUNPATH_SEARCH_PATHS = (
					"$(inherited)",
					"@executable_path/Frameworks",
					"@loader_path/Frameworks",
				);
				MARKETING_VERSION = 1.0;
				PRODUCT_BUNDLE_IDENTIFIER = me.segiddins.SharedFramework;
				PRODUCT_NAME = "$(TARGET_NAME:c99extidentifier)";
				SKIP_INSTALL = YES;
				SWIFT_EMIT_LOC_STRINGS = YES;
				SWIFT_OPTIMIZATION_LEVEL = "-Onone";
				SWIFT_VERSION = 5.0;
				TARGETED_DEVICE_FAMILY = "1,2";
				VERSIONING_SYSTEM = "apple-generic";
				VERSION_INFO_PREFIX = "";
			};
			name = Debug;
		};
		C0B6D6AC2831AEB900BE2541 /* Release */ = {
			isa = XCBuildConfiguration;
			buildSettings = {
				CLANG_ENABLE_MODULES = YES;
				CODE_SIGN_STYLE = Automatic;
				CURRENT_PROJECT_VERSION = 1;
				DEFINES_MODULE = YES;
				DEVELOPMENT_TEAM = FDGCLGAUQG;
				DYLIB_COMPATIBILITY_VERSION = 1;
				DYLIB_CURRENT_VERSION = 1;
				DYLIB_INSTALL_NAME_BASE = "@rpath";
				GENERATE_INFOPLIST_FILE = YES;
				INFOPLIST_KEY_NSHumanReadableCopyright = "";
				INSTALL_PATH = "$(LOCAL_LIBRARY_DIR)/Frameworks";
				LD_RUNPATH_SEARCH_PATHS = (
					"$(inherited)",
					"@executable_path/Frameworks",
					"@loader_path/Frameworks",
				);
				MARKETING_VERSION = 1.0;
				PRODUCT_BUNDLE_IDENTIFIER = me.segiddins.SharedFramework;
				PRODUCT_NAME = "$(TARGET_NAME:c99extidentifier)";
				SKIP_INSTALL = YES;
				SWIFT_EMIT_LOC_STRINGS = YES;
				SWIFT_VERSION = 5.0;
				TARGETED_DEVICE_FAMILY = "1,2";
				VERSIONING_SYSTEM = "apple-generic";
				VERSION_INFO_PREFIX = "";
			};
			name = Release;
		};
		C0B6D6AF2831AEB900BE2541 /* Debug */ = {
			isa = XCBuildConfiguration;
			buildSettings = {
				ALWAYS_EMBED_SWIFT_STANDARD_LIBRARIES = YES;
				CODE_SIGN_STYLE = Automatic;
				CURRENT_PROJECT_VERSION = 1;
				GENERATE_INFOPLIST_FILE = YES;
				MARKETING_VERSION = 1.0;
				PRODUCT_BUNDLE_IDENTIFIER = me.segiddins.SharedFrameworkTests;
				PRODUCT_NAME = "$(TARGET_NAME)";
				SWIFT_EMIT_LOC_STRINGS = NO;
				SWIFT_VERSION = 5.0;
				TARGETED_DEVICE_FAMILY = "1,2";
				TEST_HOST = "$(BUILT_PRODUCTS_DIR)/Bazel-iOS-Workshop.app/Bazel-iOS-Workshop";
			};
			name = Debug;
		};
		C0B6D6B02831AEB900BE2541 /* Release */ = {
			isa = XCBuildConfiguration;
			buildSettings = {
				ALWAYS_EMBED_SWIFT_STANDARD_LIBRARIES = YES;
				CODE_SIGN_STYLE = Automatic;
				CURRENT_PROJECT_VERSION = 1;
				GENERATE_INFOPLIST_FILE = YES;
				MARKETING_VERSION = 1.0;
				PRODUCT_BUNDLE_IDENTIFIER = me.segiddins.SharedFrameworkTests;
				PRODUCT_NAME = "$(TARGET_NAME)";
				SWIFT_EMIT_LOC_STRINGS = NO;
				SWIFT_VERSION = 5.0;
				TARGETED_DEVICE_FAMILY = "1,2";
				TEST_HOST = "$(BUILT_PRODUCTS_DIR)/Bazel-iOS-Workshop.app/Bazel-iOS-Workshop";
			};
			name = Release;
		};
/* End XCBuildConfiguration section */

/* Begin XCConfigurationList section */
		C0B6D5F7281F95A400BE2541 /* Build configuration list for PBXProject "Bazel-iOS-Workshop" */ = {
			isa = XCConfigurationList;
			buildConfigurations = (
				C0B6D624281F95A500BE2541 /* Debug */,
				C0B6D625281F95A500BE2541 /* Release */,
			);
			defaultConfigurationIsVisible = 0;
			defaultConfigurationName = Release;
		};
		C0B6D626281F95A500BE2541 /* Build configuration list for PBXNativeTarget "Bazel-iOS-Workshop" */ = {
			isa = XCConfigurationList;
			buildConfigurations = (
				C0B6D627281F95A500BE2541 /* Debug */,
				C0B6D628281F95A500BE2541 /* Release */,
			);
			defaultConfigurationIsVisible = 0;
			defaultConfigurationName = Release;
		};
		C0B6D629281F95A500BE2541 /* Build configuration list for PBXNativeTarget "Bazel-iOS-WorkshopTests" */ = {
			isa = XCConfigurationList;
			buildConfigurations = (
				C0B6D62A281F95A500BE2541 /* Debug */,
				C0B6D62B281F95A500BE2541 /* Release */,
			);
			defaultConfigurationIsVisible = 0;
			defaultConfigurationName = Release;
		};
		C0B6D62C281F95A500BE2541 /* Build configuration list for PBXNativeTarget "Bazel-iOS-WorkshopUITests" */ = {
			isa = XCConfigurationList;
			buildConfigurations = (
				C0B6D62D281F95A500BE2541 /* Debug */,
				C0B6D62E281F95A500BE2541 /* Release */,
			);
			defaultConfigurationIsVisible = 0;
			defaultConfigurationName = Release;
		};
		C0B6D6392831A90300BE2541 /* Build configuration list for PBXNativeTarget "SharedLibrary" */ = {
			isa = XCConfigurationList;
			buildConfigurations = (
				C0B6D6372831A90300BE2541 /* Debug */,
				C0B6D6382831A90300BE2541 /* Release */,
			);
			defaultConfigurationIsVisible = 0;
			defaultConfigurationName = Release;
		};
		C0B6D6AA2831AEB900BE2541 /* Build configuration list for PBXNativeTarget "SharedFramework" */ = {
			isa = XCConfigurationList;
			buildConfigurations = (
				C0B6D6AB2831AEB900BE2541 /* Debug */,
				C0B6D6AC2831AEB900BE2541 /* Release */,
			);
			defaultConfigurationIsVisible = 0;
			defaultConfigurationName = Release;
		};
		C0B6D6AE2831AEB900BE2541 /* Build configuration list for PBXNativeTarget "SharedFrameworkTests" */ = {
			isa = XCConfigurationList;
			buildConfigurations = (
				C0B6D6AF2831AEB900BE2541 /* Debug */,
				C0B6D6B02831AEB900BE2541 /* Release */,
			);
			defaultConfigurationIsVisible = 0;
			defaultConfigurationName = Release;
		};
/* End XCConfigurationList section */
	};
	rootObject = C0B6D5F4281F95A400BE2541 /* Project object */;
}
